<?xml version="1.0" encoding="utf-8"?>
<Project ToolsVersion="4.0" xmlns="http://schemas.microsoft.com/developer/msbuild/2003">
  <ItemGroup>
    <Filter Include="源文件">
      <UniqueIdentifier>{4FC737F1-C7A5-4376-A066-2A32D752A2FF}</UniqueIdentifier>
      <Extensions>cpp;c;cc;cxx;def;odl;idl;hpj;bat;asm;asmx</Extensions>
    </Filter>
    <Filter Include="头文件">
      <UniqueIdentifier>{93995380-89BD-4b04-88EB-625FBE52EBFB}</UniqueIdentifier>
      <Extensions>h;hh;hpp;hxx;hm;inl;inc;xsd</Extensions>
    </Filter>
    <Filter Include="资源文件">
      <UniqueIdentifier>{67DA6AB6-F800-4c08-8B7A-83BB121AAD01}</UniqueIdentifier>
      <Extensions>rc;ico;cur;bmp;dlg;rc2;rct;bin;rgs;gif;jpg;jpeg;jpe;resx;tiff;tif;png;wav;mfcribbon-ms</Extensions>
    </Filter>
  </ItemGroup>
  <ItemGroup>
    <Text Include="ReadMe.txt" />
  </ItemGroup>
  <ItemGroup>
    <ClInclude Include="stdafx.h">
      <Filter>头文件</Filter>
    </ClInclude>
    <ClInclude Include="targetver.h">
      <Filter>头文件</Filter>
    </ClInclude>
    <ClInclude Include="_CACodeLab.h">
      <Filter>头文件</Filter>
    </ClInclude>
    <ClInclude Include="_CACubeArea.h">
      <Filter>头文件</Filter>
    </ClInclude>
    <ClInclude Include="_CAAnimeArea.h">
      <Filter>头文件</Filter>
    </ClInclude>
    <ClInclude Include="_CAAnime.h">
      <Filter>头文件</Filter>
    </ClInclude>
    <ClInclude Include="_CAAreaManager.h">
      <Filter>头文件</Filter>
    </ClInclude>
    <ClInclude Include="_CAAnimeAreaManager.h">
      <Filter>头文件</Filter>
    </ClInclude>
    <ClInclude Include="_CAObject.h">
      <Filter>头文件</Filter>
    </ClInclude>
    <ClInclude Include="_CAFile.h">
      <Filter>头文件</Filter>
    </ClInclude>
    <ClInclude Include="_CAFolder.h">
      <Filter>头文件</Filter>
    </ClInclude>
    <ClInclude Include="_CAAnalyzer.h">
      <Filter>头文件</Filter>
    </ClInclude>
    <ClInclude Include="_CAFileBase.h">
      <Filter>头文件</Filter>
    </ClInclude>
    <ClInclude Include="_CAMD5.h">
      <Filter>头文件</Filter>
    </ClInclude>
    <ClInclude Include="SHA1.h">
      <Filter>头文件</Filter>
    </ClInclude>
    <ClInclude Include="_CATestSpace.h">
      <Filter>头文件</Filter>
    </ClInclude>
    <ClInclude Include="_CADataBlock.h">
      <Filter>头文件</Filter>
    </ClInclude>
    <ClInclude Include="_CAFileStream.h">
      <Filter>头文件</Filter>
    </ClInclude>
    <ClInclude Include="_CABencode.h">
      <Filter>头文件</Filter>
    </ClInclude>
    <ClInclude Include="_CABencodeInteger.h">
      <Filter>头文件</Filter>
    </ClInclude>
    <ClInclude Include="_CABencodeString.h">
      <Filter>头文件</Filter>
    </ClInclude>
    <ClInclude Include="_CABencodeList.h">
      <Filter>头文件</Filter>
    </ClInclude>
    <ClInclude Include="_CABencodeParser.h">
      <Filter>头文件</Filter>
    </ClInclude>
    <ClInclude Include="_CATorrent.h">
      <Filter>头文件</Filter>
    </ClInclude>
    <ClInclude Include="resource.h">
      <Filter>头文件</Filter>
    </ClInclude>
    <ClInclude Include="_CADB.h">
      <Filter>头文件</Filter>
    </ClInclude>
    <ClInclude Include="_CADBTable.h">
      <Filter>头文件</Filter>
    </ClInclude>
    <ClInclude Include="_CADBRecord.h">
      <Filter>头文件</Filter>
    </ClInclude>
    <ClInclude Include="_CAAreaBase.h">
      <Filter>头文件</Filter>
    </ClInclude>
    <ClInclude Include="_CALog.h">
      <Filter>头文件</Filter>
    </ClInclude>
    <ClInclude Include="_CACharConversion.h">
      <Filter>头文件</Filter>
    </ClInclude>
    <ClInclude Include="_CABencodeDictionary.h">
      <Filter>头文件</Filter>
    </ClInclude>
    <ClInclude Include="_CADownloadManager.h">
      <Filter>头文件</Filter>
    </ClInclude>
  </ItemGroup>
  <ItemGroup>
    <ClCompile Include="stdafx.cpp">
      <Filter>源文件</Filter>
    </ClCompile>
    <ClCompile Include="CubeAreaProject.cpp">
      <Filter>源文件</Filter>
    </ClCompile>
    <ClCompile Include="_CACodeLab.cpp">
      <Filter>源文件</Filter>
    </ClCompile>
    <ClCompile Include="_CACubeArea.cpp">
      <Filter>源文件</Filter>
    </ClCompile>
    <ClCompile Include="_CAAnimeArea.cpp">
      <Filter>源文件</Filter>
    </ClCompile>
    <ClCompile Include="_CAAnime.cpp">
      <Filter>源文件</Filter>
    </ClCompile>
    <ClCompile Include="_CAAreaManager.cpp">
      <Filter>源文件</Filter>
    </ClCompile>
    <ClCompile Include="_CAAnimeAreaManager.cpp">
      <Filter>源文件</Filter>
    </ClCompile>
    <ClCompile Include="_CAObject.cpp">
      <Filter>源文件</Filter>
    </ClCompile>
    <ClCompile Include="_CAFile.cpp">
      <Filter>源文件</Filter>
    </ClCompile>
    <ClCompile Include="_CAFolder.cpp">
      <Filter>源文件</Filter>
    </ClCompile>
    <ClCompile Include="_CAAnalyzer.cpp">
      <Filter>源文件</Filter>
    </ClCompile>
    <ClCompile Include="_CAFileBase.cpp">
      <Filter>源文件</Filter>
    </ClCompile>
    <ClCompile Include="_CAMD5.cpp">
      <Filter>源文件</Filter>
    </ClCompile>
    <ClCompile Include="SHA1.cpp">
      <Filter>源文件</Filter>
    </ClCompile>
    <ClCompile Include="_CATestSpace.cpp">
      <Filter>源文件</Filter>
    </ClCompile>
    <ClCompile Include="_CADataBlock.cpp">
      <Filter>源文件</Filter>
    </ClCompile>
    <ClCompile Include="_CAFileStream.cpp">
      <Filter>源文件</Filter>
    </ClCompile>
    <ClCompile Include="_CABencode.cpp">
      <Filter>源文件</Filter>
    </ClCompile>
    <ClCompile Include="_CABencodeInteger.cpp">
      <Filter>源文件</Filter>
    </ClCompile>
    <ClCompile Include="_CABencodeString.cpp">
      <Filter>源文件</Filter>
    </ClCompile>
    <ClCompile Include="_CABencodeList.cpp">
      <Filter>源文件</Filter>
    </ClCompile>
    <ClCompile Include="_CABencodeParser.cpp">
      <Filter>源文件</Filter>
    </ClCompile>
    <ClCompile Include="_CATorrent.cpp">
      <Filter>源文件</Filter>
    </ClCompile>
    <ClCompile Include="_CADB.cpp">
      <Filter>源文件</Filter>
    </ClCompile>
    <ClCompile Include="_CADBTable.cpp">
      <Filter>源文件</Filter>
    </ClCompile>
    <ClCompile Include="_CADBRecord.cpp">
      <Filter>源文件</Filter>
    </ClCompile>
    <ClCompile Include="_CAAreaBase.cpp">
      <Filter>源文件</Filter>
    </ClCompile>
    <ClCompile Include="_CALog.cpp">
      <Filter>源文件</Filter>
    </ClCompile>
    <ClCompile Include="_CACharConversion.cpp">
      <Filter>源文件</Filter>
    </ClCompile>
    <ClCompile Include="_CABencodeDictionary.cpp">
      <Filter>源文件</Filter>
    </ClCompile>
    <ClCompile Include="_CADownloadManager.cpp">
      <Filter>源文件</Filter>
    </ClCompile>
  </ItemGroup>
  <ItemGroup>
    <ResourceCompile Include="CubeAreaProject.rc">
      <Filter>资源文件</Filter>
    </ResourceCompile>
  </ItemGroup>
</Project>